
Microsoft Visual Studio Solution File, Format Version 12.00
# Visual Studio Version 17
VisualStudioVersion = 17.14.37203.1 d17.14
MinimumVisualStudioVersion = 10.0.40219.1
Project("{FAE04EC0-301F-11D3-BF4B-00C04F79EFBC}") = "MelonFinanceHelper", "MelonFinanceHelper\MelonFinanceHelper.csproj", "{0C812D5F-F433-46A9-B17B-1F0D4DF04E87}"
EndProject
Global
	GlobalSection(SolutionConfigurationPlatforms) = preSolution
		Debug|Any CPU = Debug|Any CPU
		Release|Any CPU = Release|Any CPU
	EndGlobalSection
	GlobalSection(ProjectConfigurationPlatforms) = postSolution
		{0C812D5F-F433-46A9-B17B-1F0D4DF04E87}.Debug|Any CPU.ActiveCfg = Debug|Any CPU
		{0C812D5F-F433-46A9-B17B-1F0D4DF04E87}.Debug|Any CPU.Build.0 = Debug|Any CPU
		{0C812D5F-F433-46A9-B17B-1F0D4DF04E87}.Release|Any CPU.ActiveCfg = Release|Any CPU
		{0C812D5F-F433-46A9-B17B-1F0D4DF04E87}.Release|Any CPU.Build.0 = Release|Any CPU
	EndGlobalSection
	GlobalSection(SolutionProperties) = preSolution
		HideSolutionNode = FALSE
	EndGlobalSection
	GlobalSection(ExtensibilityGlobals) = postSolution
		SolutionGuid = {517DE25C-B53A-4F43-9A34-55C817825F71}
	EndGlobalSection
EndGlobal
